
Microsoft Visual Studio Solution File, Format Version 12.00
# Visual Studio Version 17
VisualStudioVersion = 17.14.36511.14 d17.14
MinimumVisualStudioVersion = 10.0.40219.1
Project("{FAE04EC0-301F-11D3-BF4B-00C04F79EFBC}") = "practica3sep", "practica3sep.csproj", "{CD95F9D1-7D8B-4DF0-8C73-BE918468B7EE}"
EndProject
Global
	GlobalSection(SolutionConfigurationPlatforms) = preSolution
		Debug|Any CPU = Debug|Any CPU
		Release|Any CPU = Release|Any CPU
	EndGlobalSection
	GlobalSection(ProjectConfigurationPlatforms) = postSolution
		{CD95F9D1-7D8B-4DF0-8C73-BE918468B7EE}.Debug|Any CPU.ActiveCfg = Debug|Any CPU
		{CD95F9D1-7D8B-4DF0-8C73-BE918468B7EE}.Debug|Any CPU.Build.0 = Debug|Any CPU
		{CD95F9D1-7D8B-4DF0-8C73-BE918468B7EE}.Release|Any CPU.ActiveCfg = Release|Any CPU
		{CD95F9D1-7D8B-4DF0-8C73-BE918468B7EE}.Release|Any CPU.Build.0 = Release|Any CPU
	EndGlobalSection
	GlobalSection(SolutionProperties) = preSolution
		HideSolutionNode = FALSE
	EndGlobalSection
	GlobalSection(ExtensibilityGlobals) = postSolution
		SolutionGuid = {075655CB-1F0A-44AE-B12D-1E5D2A0400C5}
	EndGlobalSection
EndGlobal
